// !$*UTF8*$!
{
	archiveVersion = 1;
	classes = {
	};
	objectVersion = 56;
	objects = {

/* Begin PBXBuildFile section */
		2B05D7072BEA9813003B6EC0 /* ChicagoInstituteArtApp.swift in Sources */ = {isa = PBXBuildFile; fileRef = 2B05D7062BEA9813003B6EC0 /* ChicagoInstituteArtApp.swift */; };
		2B05D7092BEA9813003B6EC0 /* ArtsView.swift in Sources */ = {isa = PBXBuildFile; fileRef = 2B05D7082BEA9813003B6EC0 /* ArtsView.swift */; };
		2B05D70D2BEA9814003B6EC0 /* Assets.xcassets in Resources */ = {isa = PBXBuildFile; fileRef = 2B05D70C2BEA9814003B6EC0 /* Assets.xcassets */; };
		2B05D7102BEA9814003B6EC0 /* Preview Assets.xcassets in Resources */ = {isa = PBXBuildFile; fileRef = 2B05D70F2BEA9814003B6EC0 /* Preview Assets.xcassets */; };
		2B05D71A2BEA9859003B6EC0 /* REST.swift in Sources */ = {isa = PBXBuildFile; fileRef = 2B05D7192BEA9859003B6EC0 /* REST.swift */; };
		2B05D71C2BEA991E003B6EC0 /* ArtService.swift in Sources */ = {isa = PBXBuildFile; fileRef = 2B05D71B2BEA991E003B6EC0 /* ArtService.swift */; };
		2B2387302BEB2402003FDA5C /* Model.swift in Sources */ = {isa = PBXBuildFile; fileRef = 2B23872F2BEB2402003FDA5C /* Model.swift */; };
		2B2387332BEC00CA003FDA5C /* artworks.json in Resources */ = {isa = PBXBuildFile; fileRef = 2B2387322BEC00CA003FDA5C /* artworks.json */; };
		2B2387352BEC012C003FDA5C /* Resources.swift in Sources */ = {isa = PBXBuildFile; fileRef = 2B2387342BEC012C003FDA5C /* Resources.swift */; };
		2B2387372BEC250D003FDA5C /* ArtEndpoint.swift in Sources */ = {isa = PBXBuildFile; fileRef = 2B2387362BEC250D003FDA5C /* ArtEndpoint.swift */; };
		2B2387392BEC3274003FDA5C /* Print.swift in Sources */ = {isa = PBXBuildFile; fileRef = 2B2387382BEC3274003FDA5C /* Print.swift */; };
		2B23873B2BEC390C003FDA5C /* Serialization.swift in Sources */ = {isa = PBXBuildFile; fileRef = 2B23873A2BEC390C003FDA5C /* Serialization.swift */; };
		2B23873D2BEC3D38003FDA5C /* UIKitExtensions.swift in Sources */ = {isa = PBXBuildFile; fileRef = 2B23873C2BEC3D38003FDA5C /* UIKitExtensions.swift */; };
		2B23873F2BEEED5D003FDA5C /* ImagesEndpoint.swift in Sources */ = {isa = PBXBuildFile; fileRef = 2B23873E2BEEED5D003FDA5C /* ImagesEndpoint.swift */; };
		2B2387472BEFD1DD003FDA5C /* ChicagoInstituteArtTests.swift in Sources */ = {isa = PBXBuildFile; fileRef = 2B2387462BEFD1DD003FDA5C /* ChicagoInstituteArtTests.swift */; };
		2B23874F2BEFD1FB003FDA5C /* RESTTests.swift in Sources */ = {isa = PBXBuildFile; fileRef = 2B23874E2BEFD1FB003FDA5C /* RESTTests.swift */; };
		2B23875B2BEFDAD9003FDA5C /* Spartan-Black.ttf in Resources */ = {isa = PBXBuildFile; fileRef = 2B2387522BEFDAD8003FDA5C /* Spartan-Black.ttf */; };
		2B23875C2BEFDAD9003FDA5C /* Spartan-Regular.ttf in Resources */ = {isa = PBXBuildFile; fileRef = 2B2387532BEFDAD9003FDA5C /* Spartan-Regular.ttf */; };
		2B23875D2BEFDAD9003FDA5C /* Spartan-Thin.ttf in Resources */ = {isa = PBXBuildFile; fileRef = 2B2387542BEFDAD9003FDA5C /* Spartan-Thin.ttf */; };
		2B23875E2BEFDAD9003FDA5C /* Spartan-Medium.ttf in Resources */ = {isa = PBXBuildFile; fileRef = 2B2387552BEFDAD9003FDA5C /* Spartan-Medium.ttf */; };
		2B23875F2BEFDAD9003FDA5C /* Spartan-Bold.ttf in Resources */ = {isa = PBXBuildFile; fileRef = 2B2387562BEFDAD9003FDA5C /* Spartan-Bold.ttf */; };
		2B2387602BEFDAD9003FDA5C /* Spartan-SemiBold.ttf in Resources */ = {isa = PBXBuildFile; fileRef = 2B2387572BEFDAD9003FDA5C /* Spartan-SemiBold.ttf */; };
		2B2387612BEFDAD9003FDA5C /* Spartan-ExtraBold.ttf in Resources */ = {isa = PBXBuildFile; fileRef = 2B2387582BEFDAD9003FDA5C /* Spartan-ExtraBold.ttf */; };
		2B2387622BEFDAD9003FDA5C /* Spartan-Light.ttf in Resources */ = {isa = PBXBuildFile; fileRef = 2B2387592BEFDAD9003FDA5C /* Spartan-Light.ttf */; };
		2B2387632BEFDAD9003FDA5C /* Spartan-ExtraLight.ttf in Resources */ = {isa = PBXBuildFile; fileRef = 2B23875A2BEFDAD9003FDA5C /* Spartan-ExtraLight.ttf */; };
		2B2387652BEFE0BD003FDA5C /* Font+Extensions .swift in Sources */ = {isa = PBXBuildFile; fileRef = 2B2387642BEFE0BC003FDA5C /* Font+Extensions .swift */; };
		2B23876B2BEFE77F003FDA5C /* ArtworkView.swift in Sources */ = {isa = PBXBuildFile; fileRef = 2B23876A2BEFE77F003FDA5C /* ArtworkView.swift */; };
		2B23876D2BF161CF003FDA5C /* ModelContainer+Live.swift in Sources */ = {isa = PBXBuildFile; fileRef = 2B23876C2BF161CF003FDA5C /* ModelContainer+Live.swift */; };
		2B2387702BF16D71003FDA5C /* ArtsInteractor.swift in Sources */ = {isa = PBXBuildFile; fileRef = 2B23876F2BF16D71003FDA5C /* ArtsInteractor.swift */; };
		2B2387722BF25A7C003FDA5C /* ArtsViewModel.swift in Sources */ = {isa = PBXBuildFile; fileRef = 2B2387712BF25A7C003FDA5C /* ArtsViewModel.swift */; };
		2B2387752BF267E6003FDA5C /* ArtworkInteractor.swift in Sources */ = {isa = PBXBuildFile; fileRef = 2B2387742BF267E6003FDA5C /* ArtworkInteractor.swift */; };
		2B2387772BF26F83003FDA5C /* ImagesService.swift in Sources */ = {isa = PBXBuildFile; fileRef = 2B2387762BF26F83003FDA5C /* ImagesService.swift */; };
		2B23877C2BF2D7BD003FDA5C /* ArtProvider.swift in Sources */ = {isa = PBXBuildFile; fileRef = 2B23877B2BF2D7BD003FDA5C /* ArtProvider.swift */; };
		2B23877E2BF3DD97003FDA5C /* DevHelpers.swift in Sources */ = {isa = PBXBuildFile; fileRef = 2B23877D2BF3DD97003FDA5C /* DevHelpers.swift */; };
		2B2387802BF403C2003FDA5C /* SwiftUI+Helpers.swift in Sources */ = {isa = PBXBuildFile; fileRef = 2B23877F2BF403C2003FDA5C /* SwiftUI+Helpers.swift */; };
/* End PBXBuildFile section */

/* Begin PBXContainerItemProxy section */
		2B2387482BEFD1DD003FDA5C /* PBXContainerItemProxy */ = {
			isa = PBXContainerItemProxy;
			containerPortal = 2B05D6FB2BEA9813003B6EC0 /* Project object */;
			proxyType = 1;
			remoteGlobalIDString = 2B05D7022BEA9813003B6EC0;
			remoteInfo = ChicagoInstituteArt;
		};
/* End PBXContainerItemProxy section */

/* Begin PBXFileReference section */
		2B05D7032BEA9813003B6EC0 /* ChicagoInstituteArt.app */ = {isa = PBXFileReference; explicitFileType = wrapper.application; includeInIndex = 0; path = ChicagoInstituteArt.app; sourceTree = BUILT_PRODUCTS_DIR; };
		2B05D7062BEA9813003B6EC0 /* ChicagoInstituteArtApp.swift */ = {isa = PBXFileReference; lastKnownFileType = sourcecode.swift; path = ChicagoInstituteArtApp.swift; sourceTree = "<group>"; };
		2B05D7082BEA9813003B6EC0 /* ArtsView.swift */ = {isa = PBXFileReference; lastKnownFileType = sourcecode.swift; path = ArtsView.swift; sourceTree = "<group>"; };
		2B05D70C2BEA9814003B6EC0 /* Assets.xcassets */ = {isa = PBXFileReference; lastKnownFileType = folder.assetcatalog; path = Assets.xcassets; sourceTree = "<group>"; };
		2B05D70F2BEA9814003B6EC0 /* Preview Assets.xcassets */ = {isa = PBXFileReference; lastKnownFileType = folder.assetcatalog; path = "Preview Assets.xcassets"; sourceTree = "<group>"; };
		2B05D7192BEA9859003B6EC0 /* REST.swift */ = {isa = PBXFileReference; lastKnownFileType = sourcecode.swift; path = REST.swift; sourceTree = "<group>"; };
		2B05D71B2BEA991E003B6EC0 /* ArtService.swift */ = {isa = PBXFileReference; lastKnownFileType = sourcecode.swift; path = ArtService.swift; sourceTree = "<group>"; };
		2B23872F2BEB2402003FDA5C /* Model.swift */ = {isa = PBXFileReference; lastKnownFileType = sourcecode.swift; path = Model.swift; sourceTree = "<group>"; };
		2B2387322BEC00CA003FDA5C /* artworks.json */ = {isa = PBXFileReference; lastKnownFileType = text.json; path = artworks.json; sourceTree = "<group>"; };
		2B2387342BEC012C003FDA5C /* Resources.swift */ = {isa = PBXFileReference; lastKnownFileType = sourcecode.swift; path = Resources.swift; sourceTree = "<group>"; };
		2B2387362BEC250D003FDA5C /* ArtEndpoint.swift */ = {isa = PBXFileReference; lastKnownFileType = sourcecode.swift; path = ArtEndpoint.swift; sourceTree = "<group>"; };
		2B2387382BEC3274003FDA5C /* Print.swift */ = {isa = PBXFileReference; lastKnownFileType = sourcecode.swift; path = Print.swift; sourceTree = "<group>"; };
		2B23873A2BEC390C003FDA5C /* Serialization.swift */ = {isa = PBXFileReference; lastKnownFileType = sourcecode.swift; path = Serialization.swift; sourceTree = "<group>"; };
		2B23873C2BEC3D38003FDA5C /* UIKitExtensions.swift */ = {isa = PBXFileReference; lastKnownFileType = sourcecode.swift; path = UIKitExtensions.swift; sourceTree = "<group>"; };
		2B23873E2BEEED5D003FDA5C /* ImagesEndpoint.swift */ = {isa = PBXFileReference; lastKnownFileType = sourcecode.swift; path = ImagesEndpoint.swift; sourceTree = "<group>"; };
		2B2387442BEFD1DD003FDA5C /* ChicagoInstituteArtTests.xctest */ = {isa = PBXFileReference; explicitFileType = wrapper.cfbundle; includeInIndex = 0; path = ChicagoInstituteArtTests.xctest; sourceTree = BUILT_PRODUCTS_DIR; };
		2B2387462BEFD1DD003FDA5C /* ChicagoInstituteArtTests.swift */ = {isa = PBXFileReference; lastKnownFileType = sourcecode.swift; path = ChicagoInstituteArtTests.swift; sourceTree = "<group>"; };
		2B23874E2BEFD1FB003FDA5C /* RESTTests.swift */ = {isa = PBXFileReference; lastKnownFileType = sourcecode.swift; path = RESTTests.swift; sourceTree = "<group>"; };
		2B2387522BEFDAD8003FDA5C /* Spartan-Black.ttf */ = {isa = PBXFileReference; lastKnownFileType = file; path = "Spartan-Black.ttf"; sourceTree = "<group>"; };
		2B2387532BEFDAD9003FDA5C /* Spartan-Regular.ttf */ = {isa = PBXFileReference; lastKnownFileType = file; path = "Spartan-Regular.ttf"; sourceTree = "<group>"; };
		2B2387542BEFDAD9003FDA5C /* Spartan-Thin.ttf */ = {isa = PBXFileReference; lastKnownFileType = file; path = "Spartan-Thin.ttf"; sourceTree = "<group>"; };
		2B2387552BEFDAD9003FDA5C /* Spartan-Medium.ttf */ = {isa = PBXFileReference; lastKnownFileType = file; path = "Spartan-Medium.ttf"; sourceTree = "<group>"; };
		2B2387562BEFDAD9003FDA5C /* Spartan-Bold.ttf */ = {isa = PBXFileReference; lastKnownFileType = file; path = "Spartan-Bold.ttf"; sourceTree = "<group>"; };
		2B2387572BEFDAD9003FDA5C /* Spartan-SemiBold.ttf */ = {isa = PBXFileReference; lastKnownFileType = file; path = "Spartan-SemiBold.ttf"; sourceTree = "<group>"; };
		2B2387582BEFDAD9003FDA5C /* Spartan-ExtraBold.ttf */ = {isa = PBXFileReference; lastKnownFileType = file; path = "Spartan-ExtraBold.ttf"; sourceTree = "<group>"; };
		2B2387592BEFDAD9003FDA5C /* Spartan-Light.ttf */ = {isa = PBXFileReference; lastKnownFileType = file; path = "Spartan-Light.ttf"; sourceTree = "<group>"; };
		2B23875A2BEFDAD9003FDA5C /* Spartan-ExtraLight.ttf */ = {isa = PBXFileReference; lastKnownFileType = file; path = "Spartan-ExtraLight.ttf"; sourceTree = "<group>"; };
		2B2387642BEFE0BC003FDA5C /* Font+Extensions .swift */ = {isa = PBXFileReference; fileEncoding = 4; lastKnownFileType = sourcecode.swift; path = "Font+Extensions .swift"; sourceTree = "<group>"; };
		2B2387682BEFE173003FDA5C /* Info.plist */ = {isa = PBXFileReference; lastKnownFileType = text.plist; path = Info.plist; sourceTree = "<group>"; };
		2B2387692BEFE208003FDA5C /* Info.plist */ = {isa = PBXFileReference; lastKnownFileType = text.plist; path = Info.plist; sourceTree = "<group>"; };
		2B23876A2BEFE77F003FDA5C /* ArtworkView.swift */ = {isa = PBXFileReference; lastKnownFileType = sourcecode.swift; path = ArtworkView.swift; sourceTree = "<group>"; };
		2B23876C2BF161CF003FDA5C /* ModelContainer+Live.swift */ = {isa = PBXFileReference; lastKnownFileType = sourcecode.swift; path = "ModelContainer+Live.swift"; sourceTree = "<group>"; };
		2B23876F2BF16D71003FDA5C /* ArtsInteractor.swift */ = {isa = PBXFileReference; lastKnownFileType = sourcecode.swift; path = ArtsInteractor.swift; sourceTree = "<group>"; };
		2B2387712BF25A7C003FDA5C /* ArtsViewModel.swift */ = {isa = PBXFileReference; lastKnownFileType = sourcecode.swift; path = ArtsViewModel.swift; sourceTree = "<group>"; };
		2B2387742BF267E6003FDA5C /* ArtworkInteractor.swift */ = {isa = PBXFileReference; lastKnownFileType = sourcecode.swift; path = ArtworkInteractor.swift; sourceTree = "<group>"; };
		2B2387762BF26F83003FDA5C /* ImagesService.swift */ = {isa = PBXFileReference; lastKnownFileType = sourcecode.swift; path = ImagesService.swift; sourceTree = "<group>"; };
		2B23877B2BF2D7BD003FDA5C /* ArtProvider.swift */ = {isa = PBXFileReference; lastKnownFileType = sourcecode.swift; path = ArtProvider.swift; sourceTree = "<group>"; };
		2B23877D2BF3DD97003FDA5C /* DevHelpers.swift */ = {isa = PBXFileReference; lastKnownFileType = sourcecode.swift; path = DevHelpers.swift; sourceTree = "<group>"; };
		2B23877F2BF403C2003FDA5C /* SwiftUI+Helpers.swift */ = {isa = PBXFileReference; lastKnownFileType = sourcecode.swift; path = "SwiftUI+Helpers.swift"; sourceTree = "<group>"; };
/* End PBXFileReference section */

/* Begin PBXFrameworksBuildPhase section */
		2B05D7002BEA9813003B6EC0 /* Frameworks */ = {
			isa = PBXFrameworksBuildPhase;
			buildActionMask = 2147483647;
			files = (
			);
			runOnlyForDeploymentPostprocessing = 0;
		};
		2B2387412BEFD1DD003FDA5C /* Frameworks */ = {
			isa = PBXFrameworksBuildPhase;
			buildActionMask = 2147483647;
			files = (
			);
			runOnlyForDeploymentPostprocessing = 0;
		};
/* End PBXFrameworksBuildPhase section */

/* Begin PBXGroup section */
		2B05D6FA2BEA9813003B6EC0 = {
			isa = PBXGroup;
			children = (
				2B05D7052BEA9813003B6EC0 /* ChicagoInstituteArt */,
				2B2387452BEFD1DD003FDA5C /* ChicagoInstituteArtTests */,
				2B05D7042BEA9813003B6EC0 /* Products */,
			);
			sourceTree = "<group>";
		};
		2B05D7042BEA9813003B6EC0 /* Products */ = {
			isa = PBXGroup;
			children = (
				2B05D7032BEA9813003B6EC0 /* ChicagoInstituteArt.app */,
				2B2387442BEFD1DD003FDA5C /* ChicagoInstituteArtTests.xctest */,
			);
			name = Products;
			sourceTree = "<group>";
		};
		2B05D7052BEA9813003B6EC0 /* ChicagoInstituteArt */ = {
			isa = PBXGroup;
			children = (
				2B2387692BEFE208003FDA5C /* Info.plist */,
				2B05D7182BEA983D003B6EC0 /* Application */,
				2B05D7172BEA9838003B6EC0 /* Domain */,
				2B05D7162BEA982E003B6EC0 /* Library */,
				2B2387312BEC0096003FDA5C /* Resources */,
				2B05D7062BEA9813003B6EC0 /* ChicagoInstituteArtApp.swift */,
				2B05D70C2BEA9814003B6EC0 /* Assets.xcassets */,
				2B05D70E2BEA9814003B6EC0 /* Preview Content */,
			);
			path = ChicagoInstituteArt;
			sourceTree = "<group>";
		};
		2B05D70E2BEA9814003B6EC0 /* Preview Content */ = {
			isa = PBXGroup;
			children = (
				2B05D70F2BEA9814003B6EC0 /* Preview Assets.xcassets */,
			);
			path = "Preview Content";
			sourceTree = "<group>";
		};
		2B05D7162BEA982E003B6EC0 /* Library */ = {
			isa = PBXGroup;
			children = (
				2B05D7192BEA9859003B6EC0 /* REST.swift */,
				2B2387342BEC012C003FDA5C /* Resources.swift */,
				2B2387382BEC3274003FDA5C /* Print.swift */,
				2B23873A2BEC390C003FDA5C /* Serialization.swift */,
				2B23873C2BEC3D38003FDA5C /* UIKitExtensions.swift */,
				2B23877F2BF403C2003FDA5C /* SwiftUI+Helpers.swift */,
			);
			path = Library;
			sourceTree = "<group>";
		};
		2B05D7172BEA9838003B6EC0 /* Domain */ = {
			isa = PBXGroup;
			children = (
				2B23877A2BF2D792003FDA5C /* Model */,
				2B2387792BF2D6C7003FDA5C /* Local */,
				2B2387782BF2D69A003FDA5C /* Network */,
			);
			path = Domain;
			sourceTree = "<group>";
		};
		2B05D7182BEA983D003B6EC0 /* Application */ = {
			isa = PBXGroup;
			children = (
				2B23876E2BF16D5A003FDA5C /* ArtsView */,
				2B2387732BF267D1003FDA5C /* ArtworkView */,
			);
			path = Application;
			sourceTree = "<group>";
		};
		2B2387312BEC0096003FDA5C /* Resources */ = {
			isa = PBXGroup;
			children = (
				2B2387642BEFE0BC003FDA5C /* Font+Extensions .swift */,
				2B2387512BEFD9B3003FDA5C /* Fonts */,
				2B2387502BEFD9A5003FDA5C /* Data */,
			);
			path = Resources;
			sourceTree = "<group>";
		};
		2B2387452BEFD1DD003FDA5C /* ChicagoInstituteArtTests */ = {
			isa = PBXGroup;
			children = (
				2B2387682BEFE173003FDA5C /* Info.plist */,
				2B2387462BEFD1DD003FDA5C /* ChicagoInstituteArtTests.swift */,
				2B23874D2BEFD1EC003FDA5C /* Library */,
			);
			path = ChicagoInstituteArtTests;
			sourceTree = "<group>";
		};
		2B23874D2BEFD1EC003FDA5C /* Library */ = {
			isa = PBXGroup;
			children = (
				2B23874E2BEFD1FB003FDA5C /* RESTTests.swift */,
			);
			path = Library;
			sourceTree = "<group>";
		};
		2B2387502BEFD9A5003FDA5C /* Data */ = {
			isa = PBXGroup;
			children = (
				2B2387322BEC00CA003FDA5C /* artworks.json */,
			);
			path = Data;
			sourceTree = "<group>";
		};
		2B2387512BEFD9B3003FDA5C /* Fonts */ = {
			isa = PBXGroup;
			children = (
				2B2387522BEFDAD8003FDA5C /* Spartan-Black.ttf */,
				2B2387562BEFDAD9003FDA5C /* Spartan-Bold.ttf */,
				2B2387582BEFDAD9003FDA5C /* Spartan-ExtraBold.ttf */,
				2B23875A2BEFDAD9003FDA5C /* Spartan-ExtraLight.ttf */,
				2B2387592BEFDAD9003FDA5C /* Spartan-Light.ttf */,
				2B2387552BEFDAD9003FDA5C /* Spartan-Medium.ttf */,
				2B2387532BEFDAD9003FDA5C /* Spartan-Regular.ttf */,
				2B2387572BEFDAD9003FDA5C /* Spartan-SemiBold.ttf */,
				2B2387542BEFDAD9003FDA5C /* Spartan-Thin.ttf */,
			);
			path = Fonts;
			sourceTree = "<group>";
		};
		2B23876E2BF16D5A003FDA5C /* ArtsView */ = {
			isa = PBXGroup;
			children = (
				2B05D7082BEA9813003B6EC0 /* ArtsView.swift */,
				2B23876F2BF16D71003FDA5C /* ArtsInteractor.swift */,
				2B2387712BF25A7C003FDA5C /* ArtsViewModel.swift */,
			);
			path = ArtsView;
			sourceTree = "<group>";
		};
		2B2387732BF267D1003FDA5C /* ArtworkView */ = {
			isa = PBXGroup;
			children = (
				2B23876A2BEFE77F003FDA5C /* ArtworkView.swift */,
				2B2387742BF267E6003FDA5C /* ArtworkInteractor.swift */,
			);
			path = ArtworkView;
			sourceTree = "<group>";
		};
		2B2387782BF2D69A003FDA5C /* Network */ = {
			isa = PBXGroup;
			children = (
				2B2387362BEC250D003FDA5C /* ArtEndpoint.swift */,
				2B05D71B2BEA991E003B6EC0 /* ArtService.swift */,
				2B23873E2BEEED5D003FDA5C /* ImagesEndpoint.swift */,
				2B2387762BF26F83003FDA5C /* ImagesService.swift */,
			);
			path = Network;
			sourceTree = "<group>";
		};
		2B2387792BF2D6C7003FDA5C /* Local */ = {
			isa = PBXGroup;
			children = (
				2B23876C2BF161CF003FDA5C /* ModelContainer+Live.swift */,
				2B23877B2BF2D7BD003FDA5C /* ArtProvider.swift */,
				2B23877D2BF3DD97003FDA5C /* DevHelpers.swift */,
			);
			path = Local;
			sourceTree = "<group>";
		};
		2B23877A2BF2D792003FDA5C /* Model */ = {
			isa = PBXGroup;
			children = (
				2B23872F2BEB2402003FDA5C /* Model.swift */,
			);
			path = Model;
			sourceTree = "<group>";
		};
/* End PBXGroup section */

/* Begin PBXNativeTarget section */
		2B05D7022BEA9813003B6EC0 /* ChicagoInstituteArt */ = {
			isa = PBXNativeTarget;
			buildConfigurationList = 2B05D7132BEA9814003B6EC0 /* Build configuration list for PBXNativeTarget "ChicagoInstituteArt" */;
			buildPhases = (
				2B05D6FF2BEA9813003B6EC0 /* Sources */,
				2B05D7002BEA9813003B6EC0 /* Frameworks */,
				2B05D7012BEA9813003B6EC0 /* Resources */,
			);
			buildRules = (
			);
			dependencies = (
			);
			name = ChicagoInstituteArt;
			productName = ChicagoInstituteArt;
			productReference = 2B05D7032BEA9813003B6EC0 /* ChicagoInstituteArt.app */;
			productType = "com.apple.product-type.application";
		};
		2B2387432BEFD1DD003FDA5C /* ChicagoInstituteArtTests */ = {
			isa = PBXNativeTarget;
			buildConfigurationList = 2B23874A2BEFD1DD003FDA5C /* Build configuration list for PBXNativeTarget "ChicagoInstituteArtTests" */;
			buildPhases = (
				2B2387402BEFD1DD003FDA5C /* Sources */,
				2B2387412BEFD1DD003FDA5C /* Frameworks */,
				2B2387422BEFD1DD003FDA5C /* Resources */,
			);
			buildRules = (
			);
			dependencies = (
				2B2387492BEFD1DD003FDA5C /* PBXTargetDependency */,
			);
			name = ChicagoInstituteArtTests;
			productName = ChicagoInstituteArtTests;
			productReference = 2B2387442BEFD1DD003FDA5C /* ChicagoInstituteArtTests.xctest */;
			productType = "com.apple.product-type.bundle.unit-test";
		};
/* End PBXNativeTarget section */

/* Begin PBXProject section */
		2B05D6FB2BEA9813003B6EC0 /* Project object */ = {
			isa = PBXProject;
			attributes = {
				BuildIndependentTargetsInParallel = 1;
				LastSwiftUpdateCheck = 1530;
				LastUpgradeCheck = 1530;
				TargetAttributes = {
					2B05D7022BEA9813003B6EC0 = {
						CreatedOnToolsVersion = 15.3;
					};
					2B2387432BEFD1DD003FDA5C = {
						CreatedOnToolsVersion = 15.3;
						TestTargetID = 2B05D7022BEA9813003B6EC0;
					};
				};
			};
			buildConfigurationList = 2B05D6FE2BEA9813003B6EC0 /* Build configuration list for PBXProject "ChicagoInstituteArt" */;
			compatibilityVersion = "Xcode 14.0";
			developmentRegion = en;
			hasScannedForEncodings = 0;
			knownRegions = (
				en,
				Base,
			);
			mainGroup = 2B05D6FA2BEA9813003B6EC0;
			productRefGroup = 2B05D7042BEA9813003B6EC0 /* Products */;
			projectDirPath = "";
			projectRoot = "";
			targets = (
				2B05D7022BEA9813003B6EC0 /* ChicagoInstituteArt */,
				2B2387432BEFD1DD003FDA5C /* ChicagoInstituteArtTests */,
			);
		};
/* End PBXProject section */

/* Begin PBXResourcesBuildPhase section */
		2B05D7012BEA9813003B6EC0 /* Resources */ = {
			isa = PBXResourcesBuildPhase;
			buildActionMask = 2147483647;
			files = (
				2B2387632BEFDAD9003FDA5C /* Spartan-ExtraLight.ttf in Resources */,
				2B23875B2BEFDAD9003FDA5C /* Spartan-Black.ttf in Resources */,
				2B2387602BEFDAD9003FDA5C /* Spartan-SemiBold.ttf in Resources */,
				2B2387622BEFDAD9003FDA5C /* Spartan-Light.ttf in Resources */,
				2B23875D2BEFDAD9003FDA5C /* Spartan-Thin.ttf in Resources */,
				2B05D7102BEA9814003B6EC0 /* Preview Assets.xcassets in Resources */,
				2B23875F2BEFDAD9003FDA5C /* Spartan-Bold.ttf in Resources */,
				2B23875E2BEFDAD9003FDA5C /* Spartan-Medium.ttf in Resources */,
				2B2387612BEFDAD9003FDA5C /* Spartan-ExtraBold.ttf in Resources */,
				2B23875C2BEFDAD9003FDA5C /* Spartan-Regular.ttf in Resources */,
				2B05D70D2BEA9814003B6EC0 /* Assets.xcassets in Resources */,
				2B2387332BEC00CA003FDA5C /* artworks.json in Resources */,
			);
			runOnlyForDeploymentPostprocessing = 0;
		};
		2B2387422BEFD1DD003FDA5C /* Resources */ = {
			isa = PBXResourcesBuildPhase;
			buildActionMask = 2147483647;
			files = (
			);
			runOnlyForDeploymentPostprocessing = 0;
		};
/* End PBXResourcesBuildPhase section */

/* Begin PBXSourcesBuildPhase section */
		2B05D6FF2BEA9813003B6EC0 /* Sources */ = {
			isa = PBXSourcesBuildPhase;
			buildActionMask = 2147483647;
			files = (
				2B05D7092BEA9813003B6EC0 /* ArtsView.swift in Sources */,
				2B2387702BF16D71003FDA5C /* ArtsInteractor.swift in Sources */,
				2B23873F2BEEED5D003FDA5C /* ImagesEndpoint.swift in Sources */,
				2B2387752BF267E6003FDA5C /* ArtworkInteractor.swift in Sources */,
				2B2387352BEC012C003FDA5C /* Resources.swift in Sources */,
				2B2387722BF25A7C003FDA5C /* ArtsViewModel.swift in Sources */,
				2B2387652BEFE0BD003FDA5C /* Font+Extensions .swift in Sources */,
				2B05D7072BEA9813003B6EC0 /* ChicagoInstituteArtApp.swift in Sources */,
				2B2387372BEC250D003FDA5C /* ArtEndpoint.swift in Sources */,
				2B2387772BF26F83003FDA5C /* ImagesService.swift in Sources */,
				2B2387302BEB2402003FDA5C /* Model.swift in Sources */,
				2B05D71A2BEA9859003B6EC0 /* REST.swift in Sources */,
				2B23876B2BEFE77F003FDA5C /* ArtworkView.swift in Sources */,
				2B23877E2BF3DD97003FDA5C /* DevHelpers.swift in Sources */,
				2B23876D2BF161CF003FDA5C /* ModelContainer+Live.swift in Sources */,
				2B2387392BEC3274003FDA5C /* Print.swift in Sources */,
				2B23873B2BEC390C003FDA5C /* Serialization.swift in Sources */,
				2B23873D2BEC3D38003FDA5C /* UIKitExtensions.swift in Sources */,
				2B2387802BF403C2003FDA5C /* SwiftUI+Helpers.swift in Sources */,
				2B23877C2BF2D7BD003FDA5C /* ArtProvider.swift in Sources */,
				2B05D71C2BEA991E003B6EC0 /* ArtService.swift in Sources */,
			);
			runOnlyForDeploymentPostprocessing = 0;
		};
		2B2387402BEFD1DD003FDA5C /* Sources */ = {
			isa = PBXSourcesBuildPhase;
			buildActionMask = 2147483647;
			files = (
				2B2387472BEFD1DD003FDA5C /* ChicagoInstituteArtTests.swift in Sources */,
				2B23874F2BEFD1FB003FDA5C /* RESTTests.swift in Sources */,
			);
			runOnlyForDeploymentPostprocessing = 0;
		};
/* End PBXSourcesBuildPhase section */

/* Begin PBXTargetDependency section */
		2B2387492BEFD1DD003FDA5C /* PBXTargetDependency */ = {
			isa = PBXTargetDependency;
			target = 2B05D7022BEA9813003B6EC0 /* ChicagoInstituteArt */;
			targetProxy = 2B2387482BEFD1DD003FDA5C /* PBXContainerItemProxy */;
		};
/* End PBXTargetDependency section */

/* Begin XCBuildConfiguration section */
		2B05D7112BEA9814003B6EC0 /* Debug */ = {
			isa = XCBuildConfiguration;
			buildSettings = {
				ALWAYS_SEARCH_USER_PATHS = NO;
				ASSETCATALOG_COMPILER_GENERATE_SWIFT_ASSET_SYMBOL_EXTENSIONS = YES;
				CLANG_ANALYZER_NONNULL = YES;
				CLANG_ANALYZER_NUMBER_OBJECT_CONVERSION = YES_AGGRESSIVE;
				CLANG_CXX_LANGUAGE_STANDARD = "gnu++20";
				CLANG_ENABLE_MODULES = YES;
				CLANG_ENABLE_OBJC_ARC = YES;
				CLANG_ENABLE_OBJC_WEAK = YES;
				CLANG_WARN_BLOCK_CAPTURE_AUTORELEASING = YES;
				CLANG_WARN_BOOL_CONVERSION = YES;
				CLANG_WARN_COMMA = YES;
				CLANG_WARN_CONSTANT_CONVERSION = YES;
				CLANG_WARN_DEPRECATED_OBJC_IMPLEMENTATIONS = YES;
				CLANG_WARN_DIRECT_OBJC_ISA_USAGE = YES_ERROR;
				CLANG_WARN_DOCUMENTATION_COMMENTS = YES;
				CLANG_WARN_EMPTY_BODY = YES;
				CLANG_WARN_ENUM_CONVERSION = YES;
				CLANG_WARN_INFINITE_RECURSION = YES;
				CLANG_WARN_INT_CONVERSION = YES;
				CLANG_WARN_NON_LITERAL_NULL_CONVERSION = YES;
				CLANG_WARN_OBJC_IMPLICIT_RETAIN_SELF = YES;
				CLANG_WARN_OBJC_LITERAL_CONVERSION = YES;
				CLANG_WARN_OBJC_ROOT_CLASS = YES_ERROR;
				CLANG_WARN_QUOTED_INCLUDE_IN_FRAMEWORK_HEADER = YES;
				CLANG_WARN_RANGE_LOOP_ANALYSIS = YES;
				CLANG_WARN_STRICT_PROTOTYPES = YES;
				CLANG_WARN_SUSPICIOUS_MOVE = YES;
				CLANG_WARN_UNGUARDED_AVAILABILITY = YES_AGGRESSIVE;
				CLANG_WARN_UNREACHABLE_CODE = YES;
				CLANG_WARN__DUPLICATE_METHOD_MATCH = YES;
				COPY_PHASE_STRIP = NO;
				DEBUG_INFORMATION_FORMAT = dwarf;
				ENABLE_STRICT_OBJC_MSGSEND = YES;
				ENABLE_TESTABILITY = YES;
				ENABLE_USER_SCRIPT_SANDBOXING = YES;
				GCC_C_LANGUAGE_STANDARD = gnu17;
				GCC_DYNAMIC_NO_PIC = NO;
				GCC_NO_COMMON_BLOCKS = YES;
				GCC_OPTIMIZATION_LEVEL = 0;
				GCC_PREPROCESSOR_DEFINITIONS = (
					"DEBUG=1",
					"$(inherited)",
				);
				GCC_WARN_64_TO_32_BIT_CONVERSION = YES;
				GCC_WARN_ABOUT_RETURN_TYPE = YES_ERROR;
				GCC_WARN_UNDECLARED_SELECTOR = YES;
				GCC_WARN_UNINITIALIZED_AUTOS = YES_AGGRESSIVE;
				GCC_WARN_UNUSED_FUNCTION = YES;
				GCC_WARN_UNUSED_VARIABLE = YES;
				IPHONEOS_DEPLOYMENT_TARGET = 17.4;
				LOCALIZATION_PREFERS_STRING_CATALOGS = YES;
				MTL_ENABLE_DEBUG_INFO = INCLUDE_SOURCE;
				MTL_FAST_MATH = YES;
				ONLY_ACTIVE_ARCH = YES;
				SDKROOT = iphoneos;
				SWIFT_ACTIVE_COMPILATION_CONDITIONS = "DEBUG $(inherited)";
				SWIFT_OPTIMIZATION_LEVEL = "-Onone";
			};
			name = Debug;
		};
		2B05D7122BEA9814003B6EC0 /* Release */ = {
			isa = XCBuildConfiguration;
			buildSettings = {
				ALWAYS_SEARCH_USER_PATHS = NO;
				ASSETCATALOG_COMPILER_GENERATE_SWIFT_ASSET_SYMBOL_EXTENSIONS = YES;
				CLANG_ANALYZER_NONNULL = YES;
				CLANG_ANALYZER_NUMBER_OBJECT_CONVERSION = YES_AGGRESSIVE;
				CLANG_CXX_LANGUAGE_STANDARD = "gnu++20";
				CLANG_ENABLE_MODULES = YES;
				CLANG_ENABLE_OBJC_ARC = YES;
				CLANG_ENABLE_OBJC_WEAK = YES;
				CLANG_WARN_BLOCK_CAPTURE_AUTORELEASING = YES;
				CLANG_WARN_BOOL_CONVERSION = YES;
				CLANG_WARN_COMMA = YES;
				CLANG_WARN_CONSTANT_CONVERSION = YES;
				CLANG_WARN_DEPRECATED_OBJC_IMPLEMENTATIONS = YES;
				CLANG_WARN_DIRECT_OBJC_ISA_USAGE = YES_ERROR;
				CLANG_WARN_DOCUMENTATION_COMMENTS = YES;
				CLANG_WARN_EMPTY_BODY = YES;
				CLANG_WARN_ENUM_CONVERSION = YES;
				CLANG_WARN_INFINITE_RECURSION = YES;
				CLANG_WARN_INT_CONVERSION = YES;
				CLANG_WARN_NON_LITERAL_NULL_CONVERSION = YES;
				CLANG_WARN_OBJC_IMPLICIT_RETAIN_SELF = YES;
				CLANG_WARN_OBJC_LITERAL_CONVERSION = YES;
				CLANG_WARN_OBJC_ROOT_CLASS = YES_ERROR;
				CLANG_WARN_QUOTED_INCLUDE_IN_FRAMEWORK_HEADER = YES;
				CLANG_WARN_RANGE_LOOP_ANALYSIS = YES;
				CLANG_WARN_STRICT_PROTOTYPES = YES;
				CLANG_WARN_SUSPICIOUS_MOVE = YES;
				CLANG_WARN_UNGUARDED_AVAILABILITY = YES_AGGRESSIVE;
				CLANG_WARN_UNREACHABLE_CODE = YES;
				CLANG_WARN__DUPLICATE_METHOD_MATCH = YES;
				COPY_PHASE_STRIP = NO;
				DEBUG_INFORMATION_FORMAT = "dwarf-with-dsym";
				ENABLE_NS_ASSERTIONS = NO;
				ENABLE_STRICT_OBJC_MSGSEND = YES;
				ENABLE_USER_SCRIPT_SANDBOXING = YES;
				GCC_C_LANGUAGE_STANDARD = gnu17;
				GCC_NO_COMMON_BLOCKS = YES;
				GCC_WARN_64_TO_32_BIT_CONVERSION = YES;
				GCC_WARN_ABOUT_RETURN_TYPE = YES_ERROR;
				GCC_WARN_UNDECLARED_SELECTOR = YES;
				GCC_WARN_UNINITIALIZED_AUTOS = YES_AGGRESSIVE;
				GCC_WARN_UNUSED_FUNCTION = YES;
				GCC_WARN_UNUSED_VARIABLE = YES;
				IPHONEOS_DEPLOYMENT_TARGET = 17.4;
				LOCALIZATION_PREFERS_STRING_CATALOGS = YES;
				MTL_ENABLE_DEBUG_INFO = NO;
				MTL_FAST_MATH = YES;
				SDKROOT = iphoneos;
				SWIFT_COMPILATION_MODE = wholemodule;
				VALIDATE_PRODUCT = YES;
			};
			name = Release;
		};
		2B05D7142BEA9814003B6EC0 /* Debug */ = {
			isa = XCBuildConfiguration;
			buildSettings = {
				ASSETCATALOG_COMPILER_APPICON_NAME = AppIcon;
				ASSETCATALOG_COMPILER_GLOBAL_ACCENT_COLOR_NAME = AccentColor;
				CODE_SIGN_STYLE = Automatic;
				CURRENT_PROJECT_VERSION = 1;
				DEVELOPMENT_ASSET_PATHS = "\"ChicagoInstituteArt/Preview Content\"";
				DEVELOPMENT_TEAM = AQUE4FE98B;
				ENABLE_PREVIEWS = YES;
				GENERATE_INFOPLIST_FILE = YES;
				INFOPLIST_FILE = ChicagoInstituteArt/Info.plist;
				INFOPLIST_KEY_UIApplicationSceneManifest_Generation = YES;
				INFOPLIST_KEY_UIApplicationSupportsIndirectInputEvents = YES;
				INFOPLIST_KEY_UILaunchScreen_Generation = YES;
				INFOPLIST_KEY_UISupportedInterfaceOrientations_iPad = "UIInterfaceOrientationPortrait UIInterfaceOrientationPortraitUpsideDown UIInterfaceOrientationLandscapeLeft UIInterfaceOrientationLandscapeRight";
				INFOPLIST_KEY_UISupportedInterfaceOrientations_iPhone = "UIInterfaceOrientationPortrait UIInterfaceOrientationLandscapeLeft UIInterfaceOrientationLandscapeRight";
				LD_RUNPATH_SEARCH_PATHS = (
					"$(inherited)",
					"@executable_path/Frameworks",
				);
				MARKETING_VERSION = 1.0;
				PRODUCT_BUNDLE_IDENTIFIER = io.zheref.ChicagoInstituteArt;
				PRODUCT_NAME = "$(TARGET_NAME)";
				SWIFT_EMIT_LOC_STRINGS = YES;
				SWIFT_VERSION = 5.0;
				TARGETED_DEVICE_FAMILY = "1,2";
			};
			name = Debug;
		};
		2B05D7152BEA9814003B6EC0 /* Release */ = {
			isa = XCBuildConfiguration;
			buildSettings = {
				ASSETCATALOG_COMPILER_APPICON_NAME = AppIcon;
				ASSETCATALOG_COMPILER_GLOBAL_ACCENT_COLOR_NAME = AccentColor;
				CODE_SIGN_STYLE = Automatic;
				CURRENT_PROJECT_VERSION = 1;
				DEVELOPMENT_ASSET_PATHS = "\"ChicagoInstituteArt/Preview Content\"";
				DEVELOPMENT_TEAM = AQUE4FE98B;
				ENABLE_PREVIEWS = YES;
				GENERATE_INFOPLIST_FILE = YES;
				INFOPLIST_FILE = ChicagoInstituteArt/Info.plist;
				INFOPLIST_KEY_UIApplicationSceneManifest_Generation = YES;
				INFOPLIST_KEY_UIApplicationSupportsIndirectInputEvents = YES;
				INFOPLIST_KEY_UILaunchScreen_Generation = YES;
				INFOPLIST_KEY_UISupportedInterfaceOrientations_iPad = "UIInterfaceOrientationPortrait UIInterfaceOrientationPortraitUpsideDown UIInterfaceOrientationLandscapeLeft UIInterfaceOrientationLandscapeRight";
				INFOPLIST_KEY_UISupportedInterfaceOrientations_iPhone = "UIInterfaceOrientationPortrait UIInterfaceOrientationLandscapeLeft UIInterfaceOrientationLandscapeRight";
				LD_RUNPATH_SEARCH_PATHS = (
					"$(inherited)",
					"@executable_path/Frameworks",
				);
				MARKETING_VERSION = 1.0;
				PRODUCT_BUNDLE_IDENTIFIER = io.zheref.ChicagoInstituteArt;
				PRODUCT_NAME = "$(TARGET_NAME)";
				SWIFT_EMIT_LOC_STRINGS = YES;
				SWIFT_VERSION = 5.0;
				TARGETED_DEVICE_FAMILY = "1,2";
			};
			name = Release;
		};
		2B23874B2BEFD1DD003FDA5C /* Debug */ = {
			isa = XCBuildConfiguration;
			buildSettings = {
				BUNDLE_LOADER = "$(TEST_HOST)";
				CODE_SIGN_STYLE = Automatic;
				CURRENT_PROJECT_VERSION = 1;
				DEVELOPMENT_TEAM = AQUE4FE98B;
				GENERATE_INFOPLIST_FILE = YES;
				INFOPLIST_FILE = ChicagoInstituteArtTests/Info.plist;
				MARKETING_VERSION = 1.0;
				PRODUCT_BUNDLE_IDENTIFIER = io.zheref.ChicagoInstituteArtTests;
				PRODUCT_NAME = "$(TARGET_NAME)";
				SWIFT_EMIT_LOC_STRINGS = NO;
				SWIFT_VERSION = 5.0;
				TARGETED_DEVICE_FAMILY = "1,2";
				TEST_HOST = "$(BUILT_PRODUCTS_DIR)/ChicagoInstituteArt.app/$(BUNDLE_EXECUTABLE_FOLDER_PATH)/ChicagoInstituteArt";
			};
			name = Debug;
		};
		2B23874C2BEFD1DD003FDA5C /* Release */ = {
			isa = XCBuildConfiguration;
			buildSettings = {
				BUNDLE_LOADER = "$(TEST_HOST)";
				CODE_SIGN_STYLE = Automatic;
				CURRENT_PROJECT_VERSION = 1;
				DEVELOPMENT_TEAM = AQUE4FE98B;
				GENERATE_INFOPLIST_FILE = YES;
				INFOPLIST_FILE = ChicagoInstituteArtTests/Info.plist;
				MARKETING_VERSION = 1.0;
				PRODUCT_BUNDLE_IDENTIFIER = io.zheref.ChicagoInstituteArtTests;
				PRODUCT_NAME = "$(TARGET_NAME)";
				SWIFT_EMIT_LOC_STRINGS = NO;
				SWIFT_VERSION = 5.0;
				TARGETED_DEVICE_FAMILY = "1,2";
				TEST_HOST = "$(BUILT_PRODUCTS_DIR)/ChicagoInstituteArt.app/$(BUNDLE_EXECUTABLE_FOLDER_PATH)/ChicagoInstituteArt";
			};
			name = Release;
		};
/* End XCBuildConfiguration section */

/* Begin XCConfigurationList section */
		2B05D6FE2BEA9813003B6EC0 /* Build configuration list for PBXProject "ChicagoInstituteArt" */ = {
			isa = XCConfigurationList;
			buildConfigurations = (
				2B05D7112BEA9814003B6EC0 /* Debug */,
				2B05D7122BEA9814003B6EC0 /* Release */,
			);
			defaultConfigurationIsVisible = 0;
			defaultConfigurationName = Release;
		};
		2B05D7132BEA9814003B6EC0 /* Build configuration list for PBXNativeTarget "ChicagoInstituteArt" */ = {
			isa = XCConfigurationList;
			buildConfigurations = (
				2B05D7142BEA9814003B6EC0 /* Debug */,
				2B05D7152BEA9814003B6EC0 /* Release */,
			);
			defaultConfigurationIsVisible = 0;
			defaultConfigurationName = Release;
		};
		2B23874A2BEFD1DD003FDA5C /* Build configuration list for PBXNativeTarget "ChicagoInstituteArtTests" */ = {
			isa = XCConfigurationList;
			buildConfigurations = (
				2B23874B2BEFD1DD003FDA5C /* Debug */,
				2B23874C2BEFD1DD003FDA5C /* Release */,
			);
			defaultConfigurationIsVisible = 0;
			defaultConfigurationName = Release;
		};
/* End XCConfigurationList section */
	};
	rootObject = 2B05D6FB2BEA9813003B6EC0 /* Project object */;
}
